// !$*UTF8*$!
{
	archiveVersion = 1;
	classes = {
	};
	objectVersion = 56;
	objects = {

/* Begin PBXBuildFile section */
		95204F4C299D4C1E00129ACD /* TestQueryablesApp.swift in Sources */ = {isa = PBXBuildFile; fileRef = 95204F4B299D4C1E00129ACD /* TestQueryablesApp.swift */; };
		95204F4E299D4C1E00129ACD /* ContentView.swift in Sources */ = {isa = PBXBuildFile; fileRef = 95204F4D299D4C1E00129ACD /* ContentView.swift */; };
		95204F50299D4C1F00129ACD /* Assets.xcassets in Resources */ = {isa = PBXBuildFile; fileRef = 95204F4F299D4C1F00129ACD /* Assets.xcassets */; };
		95204F53299D4C1F00129ACD /* Preview Assets.xcassets in Resources */ = {isa = PBXBuildFile; fileRef = 95204F52299D4C1F00129ACD /* Preview Assets.xcassets */; };
		95204F5A299D4E0500129ACD /* QueryResolver.swift in Sources */ = {isa = PBXBuildFile; fileRef = 95204F59299D4E0500129ACD /* QueryResolver.swift */; };
		95204F5C299D4ECA00129ACD /* QueryBuffer.swift in Sources */ = {isa = PBXBuildFile; fileRef = 95204F5B299D4ECA00129ACD /* QueryBuffer.swift */; };
		95204F5E299D4F1D00129ACD /* Queryable.swift in Sources */ = {isa = PBXBuildFile; fileRef = 95204F5D299D4F1D00129ACD /* Queryable.swift */; };
		95204F60299D4F8300129ACD /* Queryable+Views.swift in Sources */ = {isa = PBXBuildFile; fileRef = 95204F5F299D4F8300129ACD /* Queryable+Views.swift */; };
/* End PBXBuildFile section */

/* Begin PBXFileReference section */
		95204F48299D4C1E00129ACD /* TestQueryables.app */ = {isa = PBXFileReference; explicitFileType = wrapper.application; includeInIndex = 0; path = TestQueryables.app; sourceTree = BUILT_PRODUCTS_DIR; };
		95204F4B299D4C1E00129ACD /* TestQueryablesApp.swift */ = {isa = PBXFileReference; lastKnownFileType = sourcecode.swift; path = TestQueryablesApp.swift; sourceTree = "<group>"; };
		95204F4D299D4C1E00129ACD /* ContentView.swift */ = {isa = PBXFileReference; lastKnownFileType = sourcecode.swift; path = ContentView.swift; sourceTree = "<group>"; };
		95204F4F299D4C1F00129ACD /* Assets.xcassets */ = {isa = PBXFileReference; lastKnownFileType = folder.assetcatalog; path = Assets.xcassets; sourceTree = "<group>"; };
		95204F52299D4C1F00129ACD /* Preview Assets.xcassets */ = {isa = PBXFileReference; lastKnownFileType = folder.assetcatalog; path = "Preview Assets.xcassets"; sourceTree = "<group>"; };
		95204F59299D4E0500129ACD /* QueryResolver.swift */ = {isa = PBXFileReference; lastKnownFileType = sourcecode.swift; path = QueryResolver.swift; sourceTree = "<group>"; };
		95204F5B299D4ECA00129ACD /* QueryBuffer.swift */ = {isa = PBXFileReference; lastKnownFileType = sourcecode.swift; path = QueryBuffer.swift; sourceTree = "<group>"; };
		95204F5D299D4F1D00129ACD /* Queryable.swift */ = {isa = PBXFileReference; lastKnownFileType = sourcecode.swift; path = Queryable.swift; sourceTree = "<group>"; };
		95204F5F299D4F8300129ACD /* Queryable+Views.swift */ = {isa = PBXFileReference; lastKnownFileType = sourcecode.swift; path = "Queryable+Views.swift"; sourceTree = "<group>"; };
/* End PBXFileReference section */

/* Begin PBXFrameworksBuildPhase section */
		95204F45299D4C1E00129ACD /* Frameworks */ = {
			isa = PBXFrameworksBuildPhase;
			buildActionMask = 2147483647;
			files = (
			);
			runOnlyForDeploymentPostprocessing = 0;
		};
/* End PBXFrameworksBuildPhase section */

/* Begin PBXGroup section */
		95204F3F299D4C1E00129ACD = {
			isa = PBXGroup;
			children = (
				95204F4A299D4C1E00129ACD /* TestQueryables */,
				95204F49299D4C1E00129ACD /* Products */,
			);
			sourceTree = "<group>";
		};
		95204F49299D4C1E00129ACD /* Products */ = {
			isa = PBXGroup;
			children = (
				95204F48299D4C1E00129ACD /* TestQueryables.app */,
			);
			name = Products;
			sourceTree = "<group>";
		};
		95204F4A299D4C1E00129ACD /* TestQueryables */ = {
			isa = PBXGroup;
			children = (
				95204F4B299D4C1E00129ACD /* TestQueryablesApp.swift */,
				95204F4D299D4C1E00129ACD /* ContentView.swift */,
				95204F5D299D4F1D00129ACD /* Queryable.swift */,
				95204F5F299D4F8300129ACD /* Queryable+Views.swift */,
				95204F5B299D4ECA00129ACD /* QueryBuffer.swift */,
				95204F59299D4E0500129ACD /* QueryResolver.swift */,
				95204F4F299D4C1F00129ACD /* Assets.xcassets */,
				95204F51299D4C1F00129ACD /* Preview Content */,
			);
			path = TestQueryables;
			sourceTree = "<group>";
		};
		95204F51299D4C1F00129ACD /* Preview Content */ = {
			isa = PBXGroup;
			children = (
				95204F52299D4C1F00129ACD /* Preview Assets.xcassets */,
			);
			path = "Preview Content";
			sourceTree = "<group>";
		};
/* End PBXGroup section */

/* Begin PBXNativeTarget section */
		95204F47299D4C1E00129ACD /* TestQueryables */ = {
			isa = PBXNativeTarget;
			buildConfigurationList = 95204F56299D4C1F00129ACD /* Build configuration list for PBXNativeTarget "TestQueryables" */;
			buildPhases = (
				95204F44299D4C1E00129ACD /* Sources */,
				95204F45299D4C1E00129ACD /* Frameworks */,
				95204F46299D4C1E00129ACD /* Resources */,
			);
			buildRules = (
			);
			dependencies = (
			);
			name = TestQueryables;
			productName = TestQueryables;
			productReference = 95204F48299D4C1E00129ACD /* TestQueryables.app */;
			productType = "com.apple.product-type.application";
		};
/* End PBXNativeTarget section */

/* Begin PBXProject section */
		95204F40299D4C1E00129ACD /* Project object */ = {
			isa = PBXProject;
			attributes = {
				BuildIndependentTargetsInParallel = 1;
				LastSwiftUpdateCheck = 1420;
				LastUpgradeCheck = 1420;
				TargetAttributes = {
					95204F47299D4C1E00129ACD = {
						CreatedOnToolsVersion = 14.2;
					};
				};
			};
			buildConfigurationList = 95204F43299D4C1E00129ACD /* Build configuration list for PBXProject "TestQueryables" */;
			compatibilityVersion = "Xcode 14.0";
			developmentRegion = en;
			hasScannedForEncodings = 0;
			knownRegions = (
				en,
				Base,
			);
			mainGroup = 95204F3F299D4C1E00129ACD;
			productRefGroup = 95204F49299D4C1E00129ACD /* Products */;
			projectDirPath = "";
			projectRoot = "";
			targets = (
				95204F47299D4C1E00129ACD /* TestQueryables */,
			);
		};
/* End PBXProject section */

/* Begin PBXResourcesBuildPhase section */
		95204F46299D4C1E00129ACD /* Resources */ = {
			isa = PBXResourcesBuildPhase;
			buildActionMask = 2147483647;
			files = (
				95204F53299D4C1F00129ACD /* Preview Assets.xcassets in Resources */,
				95204F50299D4C1F00129ACD /* Assets.xcassets in Resources */,
			);
			runOnlyForDeploymentPostprocessing = 0;
		};
/* End PBXResourcesBuildPhase section */

/* Begin PBXSourcesBuildPhase section */
		95204F44299D4C1E00129ACD /* Sources */ = {
			isa = PBXSourcesBuildPhase;
			buildActionMask = 2147483647;
			files = (
				95204F5C299D4ECA00129ACD /* QueryBuffer.swift in Sources */,
				95204F4E299D4C1E00129ACD /* ContentView.swift in Sources */,
				95204F60299D4F8300129ACD /* Queryable+Views.swift in Sources */,
				95204F5A299D4E0500129ACD /* QueryResolver.swift in Sources */,
				95204F4C299D4C1E00129ACD /* TestQueryablesApp.swift in Sources */,
				95204F5E299D4F1D00129ACD /* Queryable.swift in Sources */,
			);
			runOnlyForDeploymentPostprocessing = 0;
		};
/* End PBXSourcesBuildPhase section */

/* Begin XCBuildConfiguration section */
		95204F54299D4C1F00129ACD /* Debug */ = {
			isa = XCBuildConfiguration;
			buildSettings = {
				ALWAYS_SEARCH_USER_PATHS = NO;
				CLANG_ANALYZER_NONNULL = YES;
				CLANG_ANALYZER_NUMBER_OBJECT_CONVERSION = YES_AGGRESSIVE;
				CLANG_CXX_LANGUAGE_STANDARD = "gnu++20";
				CLANG_ENABLE_MODULES = YES;
				CLANG_ENABLE_OBJC_ARC = YES;
				CLANG_ENABLE_OBJC_WEAK = YES;
				CLANG_WARN_BLOCK_CAPTURE_AUTORELEASING = YES;
				CLANG_WARN_BOOL_CONVERSION = YES;
				CLANG_WARN_COMMA = YES;
				CLANG_WARN_CONSTANT_CONVERSION = YES;
				CLANG_WARN_DEPRECATED_OBJC_IMPLEMENTATIONS = YES;
				CLANG_WARN_DIRECT_OBJC_ISA_USAGE = YES_ERROR;
				CLANG_WARN_DOCUMENTATION_COMMENTS = YES;
				CLANG_WARN_EMPTY_BODY = YES;
				CLANG_WARN_ENUM_CONVERSION = YES;
				CLANG_WARN_INFINITE_RECURSION = YES;
				CLANG_WARN_INT_CONVERSION = YES;
				CLANG_WARN_NON_LITERAL_NULL_CONVERSION = YES;
				CLANG_WARN_OBJC_IMPLICIT_RETAIN_SELF = YES;
				CLANG_WARN_OBJC_LITERAL_CONVERSION = YES;
				CLANG_WARN_OBJC_ROOT_CLASS = YES_ERROR;
				CLANG_WARN_QUOTED_INCLUDE_IN_FRAMEWORK_HEADER = YES;
				CLANG_WARN_RANGE_LOOP_ANALYSIS = YES;
				CLANG_WARN_STRICT_PROTOTYPES = YES;
				CLANG_WARN_SUSPICIOUS_MOVE = YES;
				CLANG_WARN_UNGUARDED_AVAILABILITY = YES_AGGRESSIVE;
				CLANG_WARN_UNREACHABLE_CODE = YES;
				CLANG_WARN__DUPLICATE_METHOD_MATCH = YES;
				COPY_PHASE_STRIP = NO;
				DEBUG_INFORMATION_FORMAT = dwarf;
				ENABLE_STRICT_OBJC_MSGSEND = YES;
				ENABLE_TESTABILITY = YES;
				GCC_C_LANGUAGE_STANDARD = gnu11;
				GCC_DYNAMIC_NO_PIC = NO;
				GCC_NO_COMMON_BLOCKS = YES;
				GCC_OPTIMIZATION_LEVEL = 0;
				GCC_PREPROCESSOR_DEFINITIONS = (
					"DEBUG=1",
					"$(inherited)",
				);
				GCC_WARN_64_TO_32_BIT_CONVERSION = YES;
				GCC_WARN_ABOUT_RETURN_TYPE = YES_ERROR;
				GCC_WARN_UNDECLARED_SELECTOR = YES;
				GCC_WARN_UNINITIALIZED_AUTOS = YES_AGGRESSIVE;
				GCC_WARN_UNUSED_FUNCTION = YES;
				GCC_WARN_UNUSED_VARIABLE = YES;
				IPHONEOS_DEPLOYMENT_TARGET = 16.2;
				MTL_ENABLE_DEBUG_INFO = INCLUDE_SOURCE;
				MTL_FAST_MATH = YES;
				ONLY_ACTIVE_ARCH = YES;
				SDKROOT = iphoneos;
				SWIFT_ACTIVE_COMPILATION_CONDITIONS = DEBUG;
				SWIFT_OPTIMIZATION_LEVEL = "-Onone";
			};
			name = Debug;
		};
		95204F55299D4C1F00129ACD /* Release */ = {
			isa = XCBuildConfiguration;
			buildSettings = {
				ALWAYS_SEARCH_USER_PATHS = NO;
				CLANG_ANALYZER_NONNULL = YES;
				CLANG_ANALYZER_NUMBER_OBJECT_CONVERSION = YES_AGGRESSIVE;
				CLANG_CXX_LANGUAGE_STANDARD = "gnu++20";
				CLANG_ENABLE_MODULES = YES;
				CLANG_ENABLE_OBJC_ARC = YES;
				CLANG_ENABLE_OBJC_WEAK = YES;
				CLANG_WARN_BLOCK_CAPTURE_AUTORELEASING = YES;
				CLANG_WARN_BOOL_CONVERSION = YES;
				CLANG_WARN_COMMA = YES;
				CLANG_WARN_CONSTANT_CONVERSION = YES;
				CLANG_WARN_DEPRECATED_OBJC_IMPLEMENTATIONS = YES;
				CLANG_WARN_DIRECT_OBJC_ISA_USAGE = YES_ERROR;
				CLANG_WARN_DOCUMENTATION_COMMENTS = YES;
				CLANG_WARN_EMPTY_BODY = YES;
				CLANG_WARN_ENUM_CONVERSION = YES;
				CLANG_WARN_INFINITE_RECURSION = YES;
				CLANG_WARN_INT_CONVERSION = YES;
				CLANG_WARN_NON_LITERAL_NULL_CONVERSION = YES;
				CLANG_WARN_OBJC_IMPLICIT_RETAIN_SELF = YES;
				CLANG_WARN_OBJC_LITERAL_CONVERSION = YES;
				CLANG_WARN_OBJC_ROOT_CLASS = YES_ERROR;
				CLANG_WARN_QUOTED_INCLUDE_IN_FRAMEWORK_HEADER = YES;
				CLANG_WARN_RANGE_LOOP_ANALYSIS = YES;
				CLANG_WARN_STRICT_PROTOTYPES = YES;
				CLANG_WARN_SUSPICIOUS_MOVE = YES;
				CLANG_WARN_UNGUARDED_AVAILABILITY = YES_AGGRESSIVE;
				CLANG_WARN_UNREACHABLE_CODE = YES;
				CLANG_WARN__DUPLICATE_METHOD_MATCH = YES;
				COPY_PHASE_STRIP = NO;
				DEBUG_INFORMATION_FORMAT = "dwarf-with-dsym";
				ENABLE_NS_ASSERTIONS = NO;
				ENABLE_STRICT_OBJC_MSGSEND = YES;
				GCC_C_LANGUAGE_STANDARD = gnu11;
				GCC_NO_COMMON_BLOCKS = YES;
				GCC_WARN_64_TO_32_BIT_CONVERSION = YES;
				GCC_WARN_ABOUT_RETURN_TYPE = YES_ERROR;
				GCC_WARN_UNDECLARED_SELECTOR = YES;
				GCC_WARN_UNINITIALIZED_AUTOS = YES_AGGRESSIVE;
				GCC_WARN_UNUSED_FUNCTION = YES;
				GCC_WARN_UNUSED_VARIABLE = YES;
				IPHONEOS_DEPLOYMENT_TARGET = 16.2;
				MTL_ENABLE_DEBUG_INFO = NO;
				MTL_FAST_MATH = YES;
				SDKROOT = iphoneos;
				SWIFT_COMPILATION_MODE = wholemodule;
				SWIFT_OPTIMIZATION_LEVEL = "-O";
				VALIDATE_PRODUCT = YES;
			};
			name = Release;
		};
		95204F57299D4C1F00129ACD /* Debug */ = {
			isa = XCBuildConfiguration;
			buildSettings = {
				ASSETCATALOG_COMPILER_APPICON_NAME = AppIcon;
				ASSETCATALOG_COMPILER_GLOBAL_ACCENT_COLOR_NAME = AccentColor;
				CODE_SIGN_STYLE = Automatic;
				CURRENT_PROJECT_VERSION = 1;
				DEVELOPMENT_ASSET_PATHS = "\"TestQueryables/Preview Content\"";
				DEVELOPMENT_TEAM = 7F6BJZY5B3;
				ENABLE_PREVIEWS = YES;
				GENERATE_INFOPLIST_FILE = YES;
				INFOPLIST_KEY_UIApplicationSceneManifest_Generation = YES;
				INFOPLIST_KEY_UIApplicationSupportsIndirectInputEvents = YES;
				INFOPLIST_KEY_UILaunchScreen_Generation = YES;
				INFOPLIST_KEY_UISupportedInterfaceOrientations_iPad = "UIInterfaceOrientationPortrait UIInterfaceOrientationPortraitUpsideDown UIInterfaceOrientationLandscapeLeft UIInterfaceOrientationLandscapeRight";
				INFOPLIST_KEY_UISupportedInterfaceOrientations_iPhone = "UIInterfaceOrientationPortrait UIInterfaceOrientationLandscapeLeft UIInterfaceOrientationLandscapeRight";
				LD_RUNPATH_SEARCH_PATHS = (
					"$(inherited)",
					"@executable_path/Frameworks",
				);
				MARKETING_VERSION = 1.0;
				PRODUCT_BUNDLE_IDENTIFIER = com.swiftedMind.TestQueryables;
				PRODUCT_NAME = "$(TARGET_NAME)";
				SWIFT_EMIT_LOC_STRINGS = YES;
				SWIFT_VERSION = 5.0;
				TARGETED_DEVICE_FAMILY = "1,2";
			};
			name = Debug;
		};
		95204F58299D4C1F00129ACD /* Release */ = {
			isa = XCBuildConfiguration;
			buildSettings = {
				ASSETCATALOG_COMPILER_APPICON_NAME = AppIcon;
				ASSETCATALOG_COMPILER_GLOBAL_ACCENT_COLOR_NAME = AccentColor;
				CODE_SIGN_STYLE = Automatic;
				CURRENT_PROJECT_VERSION = 1;
				DEVELOPMENT_ASSET_PATHS = "\"TestQueryables/Preview Content\"";
				DEVELOPMENT_TEAM = 7F6BJZY5B3;
				ENABLE_PREVIEWS = YES;
				GENERATE_INFOPLIST_FILE = YES;
				INFOPLIST_KEY_UIApplicationSceneManifest_Generation = YES;
				INFOPLIST_KEY_UIApplicationSupportsIndirectInputEvents = YES;
				INFOPLIST_KEY_UILaunchScreen_Generation = YES;
				INFOPLIST_KEY_UISupportedInterfaceOrientations_iPad = "UIInterfaceOrientationPortrait UIInterfaceOrientationPortraitUpsideDown UIInterfaceOrientationLandscapeLeft UIInterfaceOrientationLandscapeRight";
				INFOPLIST_KEY_UISupportedInterfaceOrientations_iPhone = "UIInterfaceOrientationPortrait UIInterfaceOrientationLandscapeLeft UIInterfaceOrientationLandscapeRight";
				LD_RUNPATH_SEARCH_PATHS = (
					"$(inherited)",
					"@executable_path/Frameworks",
				);
				MARKETING_VERSION = 1.0;
				PRODUCT_BUNDLE_IDENTIFIER = com.swiftedMind.TestQueryables;
				PRODUCT_NAME = "$(TARGET_NAME)";
				SWIFT_EMIT_LOC_STRINGS = YES;
				SWIFT_VERSION = 5.0;
				TARGETED_DEVICE_FAMILY = "1,2";
			};
			name = Release;
		};
/* End XCBuildConfiguration section */

/* Begin XCConfigurationList section */
		95204F43299D4C1E00129ACD /* Build configuration list for PBXProject "TestQueryables" */ = {
			isa = XCConfigurationList;
			buildConfigurations = (
				95204F54299D4C1F00129ACD /* Debug */,
				95204F55299D4C1F00129ACD /* Release */,
			);
			defaultConfigurationIsVisible = 0;
			defaultConfigurationName = Release;
		};
		95204F56299D4C1F00129ACD /* Build configuration list for PBXNativeTarget "TestQueryables" */ = {
			isa = XCConfigurationList;
			buildConfigurations = (
				95204F57299D4C1F00129ACD /* Debug */,
				95204F58299D4C1F00129ACD /* Release */,
			);
			defaultConfigurationIsVisible = 0;
			defaultConfigurationName = Release;
		};
/* End XCConfigurationList section */
	};
	rootObject = 95204F40299D4C1E00129ACD /* Project object */;
}
